github.com/DATA-DOG/go-txdb v0.1.6 h1:D1Ob/L79mCW6UCFL6vwM/9TWs/rshZujxTsvy7+gicw=
github.com/Masterminds/goutils v1.1.1 h1:5nUrii3FMTL5diU80unEVvNevw1nH4+ZV4DSLVJLSYI=
github.com/Masterminds/semver/v3 v3.1.1 h1:hLg3sBzpNErnxhQtUy/mmLR2I9foDujNK030IGemrRc=
github.com/Masterminds/sprig/v3 v3.2.2 h1:17jRggJu518dr3QaafizSXOjKYp94wKfABxUmyxvxX8=
github.com/aarondl/json v0.0.0-20221020222930-8b0db17ef1bf h1:+edM69bH/X6JpYPmJYBRLanAMe1V5yRXYU3hHUovGcE=
github.com/aarondl/json v0.0.0-20221020222930-8b0db17ef1bf/go.mod h1:FZqLhJSj2tg0ZN48GB1zvj00+ZYcHPqgsC7yzcgCq6k=
github.com/aarondl/opt v0.0.0-20230114172057-b91f370c41f0 h1:vLrhbOWVPxtHao/QthU8pcpI4DbtSGnWgH7qIJf8F6k=
github.com/aarondl/opt v0.0.0-20230114172057-b91f370c41f0/go.mod h1:l4/5NZtYd/SIohsFhaJQQe+sPOTG22furpZ5FvcYOzk=
github.com/davecgh/go-spew v1.1.0/go.mod h1:J7Y8YcW2NihsgmVo/mv3lAwl/skON4iLHjSsI+c5H38=
github.com/davecgh/go-spew v1.1.1 h1:vj9j/u1bqnvCEfJOwUhtlOARqs3+rkHYY13jYWTU97c=
github.com/davecgh/go-spew v1.1.1/go.mod h1:J7Y8YcW2NihsgmVo/mv3lAwl/skON4iLHjSsI+c5H38=
github.com/fsnotify/fsnotify v1.6.0 h1:n+5WquG0fcWoWp6xPWfHdbskMCQaFnG6PfBrh1Ky4HY=
github.com/golang/protobuf v1.5.2 h1:ROPKBNFfQgOUMifHyP+KYbvpjbdoFNs+aK7DXlji0Tw=
github.com/google/go-cmp v0.5.9 h1:O2Tfq5qg4qc4AmwVlvv0oLiVAGB7enBSJ2x2DqQFi38=
github.com/google/uuid v1.3.0 h1:t6JiXgmwXMjEs8VusXIJk2BXHsn+wx8BZdTaoZ5fu7I=
github.com/huandu/xstrings v1.3.1 h1:4jgBlKK6tLKFvO8u5pmYjG91cqytmDCDvGh7ECVFfFs=
github.com/imdario/mergo v0.3.13 h1:lFzP57bqS/wsqKssCGmtLAb8A0wKjLGrve2q3PPVcBk=
github.com/jackc/pgpassfile v1.0.0 h1:/6Hmqy13Ss2zCq62VdNG8tM1wchn8zjSGOBJ6icpsIM=
github.com/jackc/pgpassfile v1.0.0/go.mod h1:CEx0iS5ambNFdcRtxPj5JhEz+xB6uRky5eyVu/W2HEg=
github.com/jackc/pgservicefile v0.0.0-20200714003250-2b9c44734f2b h1:C8S2+VttkHFdOOCXJe+YGfa4vHYwlt4Zx+IVXQ97jYg=
github.com/jackc/pgservicefile v0.0.0-20200714003250-2b9c44734f2b/go.mod h1:vsD4gTJCa9TptPL8sPkXrLZ+hDuNrZCnj29CQpr4X1E=
github.com/jackc/pgx/v5 v5.2.0 h1:NdPpngX0Y6z6XDFKqmFQaE+bCtkqzvQIOt1wvBlAqs8=
github.com/jackc/pgx/v5 v5.2.0/go.mod h1:Ptn7zmohNsWEsdxRawMzk3gaKma2obW+NWTnKa0S4nk=
github.com/knadh/koanf v1.4.5 h1:yKWFswTrqFc0u7jBAoERUz30+N1b1yPXU01gAPr8IrY=
github.com/mitchellh/copystructure v1.2.0 h1:vpKXTN4ewci03Vljg/q9QvCGUDttBOGBIa15WveJJGw=
github.com/mitchellh/mapstructure v1.5.0 h1:jeMsZIYE/09sWLaz43PL7Gy6RuMjD2eJVyuac5Z2hdY=
github.com/mitchellh/reflectwalk v1.0.2 h1:G2LzWKi524PWgd3mLHV8Y5k7s6XUvT0Gef6zxSIeXaQ=
github.com/nsf/jsondiff v0.0.0-20210926074059-1e845ec5d249 h1:NHrXEjTNQY7P0Zfx1aMrNhpgxHmow66XQtm0aQLY0AE=
github.com/pganalyze/pg_query_go/v4 v4.2.0 h1:67hSBZXYfABNYisEu/Xfu6R2gupnQwaoRhQicy0HSnQ=
github.com/pmezard/go-difflib v1.0.0 h1:4DBwDE0NGyQoBHbLQYPwSUPoCMWR5BEzIk/f1lZbAQM=
github.com/pmezard/go-difflib v1.0.0/go.mod h1:iKH77koFhYxTK1pcRnkKkqfTogsbg7gZNVY4sRDYZ/4=
github.com/qdm12/reprint v0.0.0-20200326205758-722754a53494 h1:wSmWgpuccqS2IOfmYrbRiUgv+g37W5suLLLxwwniTSc=
github.com/qdm12/reprint v0.0.0-20200326205758-722754a53494/go.mod h1:yipyliwI08eQ6XwDm1fEwKPdF/xdbkiHtrU+1Hg+vc4=
github.com/shopspring/decimal v1.3.1 h1:2Usl1nmF/WZucqkFZhnfFYxxxu8LG21F6nPQBE5gKV8=
github.com/spf13/cast v1.5.0 h1:rj3WzYc11XZaIZMPKmwP96zkFEnnAmV8s6XbB2aY32w=
github.com/stephenafamo/fakedb v0.0.0-20221230081958-0b86f816ed97 h1:XItoZNmhOih06TC02jK7l3wlpZ0XT/sPQYutDcGOQjg=
github.com/stephenafamo/scan v0.4.2 h1:mPmOjV84VCQdlYPPX1jZZHt5LYRHAPdEe/yuSaMi92Q=
github.com/stephenafamo/scan v0.4.2/go.mod h1:FhIUJ8pLNyex36xGFiazDJJ5Xry0UkAi+RkWRrEcRMg=
github.com/stretchr/objx v0.1.0/go.mod h1:HFkY916IF+rwdDfMAkV7OtwuqBVzrE8GR6GFx+wExME=
github.com/stretchr/testify v1.3.0/go.mod h1:M5WIy9Dh21IEIfnGCwXGc5bZfKNJtfHm1UVUgZn+9EI=
github.com/stretchr/testify v1.4.0/go.mod h1:j7eGeouHqKxXV5pUuKE4zz7dFj8WfuZ+81PSLYec5m4=
github.com/stretchr/testify v1.5.1/go.mod h1:5W2xD1RspED5o8YsWQXVCued0rvSQ+mT+I5cxcmMvtA=
github.com/stretchr/testify v1.8.2 h1:+h33VjcLVPDHtOdpUCuF+7gSuG3yGIftsP1YvFihtJ8=
github.com/volatiletech/inflect v0.0.1 h1:2a6FcMQyhmPZcLa+uet3VJ8gLn/9svWhJxJYwvE8KsU=
github.com/volatiletech/strmangle v0.0.4 h1:CxrEPhobZL/PCZOTDSH1aq7s4Kv76hQpRoTVVlUOim4=
golang.org/x/crypto v0.6.0 h1:qfktjS5LUO+fFKeJXZ+ikTRijMmljikvG68fpMMruSc=
golang.org/x/crypto v0.6.0/go.mod h1:OFC/31mSvZgRz0V1QTNCzfAI1aIRzbiufJtkMIlEp58=
golang.org/x/exp v0.0.0-20230131160201-f062dba9d201 h1:BEABXpNXLEz0WxtA+6CQIz2xkg80e+1zrhWyMcq8VzE=
golang.org/x/exp v0.0.0-20230131160201-f062dba9d201/go.mod h1:CxIveKay+FTh1D0yPZemJVgC/95VzuuOLq5Qi4xnoYc=
golang.org/x/mod v0.9.0 h1:KENHtAZL2y3NLMYZeHY9DW8HW8V+kQyJsY/V9JlKvCs=
golang.org/x/sys v0.6.0 h1:MVltZSvRTcU2ljQOhs94SXPftV6DCNnZViHeQps87pQ=
golang.org/x/text v0.8.0 h1:57P1ETyNKtuIjB4SRd15iJxuhj8Gc416Y78H3qgMh68=
golang.org/x/text v0.8.0/go.mod h1:e1OnstbJyHTd6l/uOt8jFFHp6TRDWZR/bV3emEE/zU8=
golang.org/x/tools v0.7.0 h1:W4OVu8VVOaIO0yzWMNdepAulS7YfoS3Zabrm8DOXXU4=
google.golang.org/protobuf v1.28.1 h1:d0NfwRgPtno5B1Wa6L2DAG+KivqkdutMf1UhdNx175w=
gopkg.in/check.v1 v0.0.0-20161208181325-20d25e280405/go.mod h1:Co6ibVJAznAaIkqp8huTwlJQCZ016jof/cbN4VW5Yz0=
gopkg.in/yaml.v2 v2.2.2/go.mod h1:hI93XBmqTisBFMUTm0b8Fm+jr3Dg1NNxqwp+5A1VGuI=
gopkg.in/yaml.v3 v3.0.1 h1:fxVm/GzAzEWqLHuvctI91KS9hhNmmWOoWu0XTYJS7CA=
